
Microsoft Visual Studio Solution File, Format Version 12.00
# Visual Studio 15
VisualStudioVersion = 15.0.26430.16
MinimumVisualStudioVersion = 10.0.40219.1
Project("{2150E333-8FDC-42A3-9474-1A3956D46DE8}") = "Basics", "Basics", "{EFAF0107-0A41-4796-A95A-6340D7DA6116}"
EndProject
Project("{FAE04EC0-301F-11D3-BF4B-00C04F79EFBC}") = "CSharp.Learn.Namsespace", "CSharp.Learn.Namsespace\CSharp.Learn.Namsespace.csproj", "{A5F90B86-EDB9-4AD3-A293-220C2F355D20}"
EndProject
Project("{FAE04EC0-301F-11D3-BF4B-00C04F79EFBC}") = "hesapla", "hesapla\hesapla.csproj", "{45A6F69E-B8FB-4956-98E5-C08785DF4B57}"
EndProject
Project("{FAE04EC0-301F-11D3-BF4B-00C04F79EFBC}") = "kelimeara", "kelimeara\kelimeara.csproj", "{52D41446-1348-46B5-A891-BD05FAE4538B}"
EndProject
Project("{FAE04EC0-301F-11D3-BF4B-00C04F79EFBC}") = "kisi", "kisi\kisi.csproj", "{92F7D20B-22C7-4717-8888-7AAB1B181DA5}"
EndProject
Project("{FAE04EC0-301F-11D3-BF4B-00C04F79EFBC}") = "stringcalsma", "stringcalsma\stringcalsma.csproj", "{D0E016AA-3702-4093-80DB-BCE935D6D96A}"
EndProject
Project("{FAE04EC0-301F-11D3-BF4B-00C04F79EFBC}") = "Binaa", "Binaa\Binaa.csproj", "{11BA3C95-7DDE-4F20-B41A-6EB65E15466F}"
EndProject
Project("{FAE04EC0-301F-11D3-BF4B-00C04F79EFBC}") = "BinaYonetimi", "BinaYonetimi\BinaYonetimi.csproj", "{016FDECE-A1A3-45FC-B62A-E041DA88EAF0}"
EndProject
Project("{FAE04EC0-301F-11D3-BF4B-00C04F79EFBC}") = "CafeYonetimi.lib", "Cafe\CafeYonetimi.lib.csproj", "{712C7970-BFF2-44F2-BF2F-37E7D388354F}"
EndProject
Global
	GlobalSection(SolutionConfigurationPlatforms) = preSolution
		Debug|Any CPU = Debug|Any CPU
		Release|Any CPU = Release|Any CPU
	EndGlobalSection
	GlobalSection(ProjectConfigurationPlatforms) = postSolution
		{A5F90B86-EDB9-4AD3-A293-220C2F355D20}.Debug|Any CPU.ActiveCfg = Debug|Any CPU
		{A5F90B86-EDB9-4AD3-A293-220C2F355D20}.Debug|Any CPU.Build.0 = Debug|Any CPU
		{A5F90B86-EDB9-4AD3-A293-220C2F355D20}.Release|Any CPU.ActiveCfg = Release|Any CPU
		{A5F90B86-EDB9-4AD3-A293-220C2F355D20}.Release|Any CPU.Build.0 = Release|Any CPU
		{45A6F69E-B8FB-4956-98E5-C08785DF4B57}.Debug|Any CPU.ActiveCfg = Debug|Any CPU
		{45A6F69E-B8FB-4956-98E5-C08785DF4B57}.Debug|Any CPU.Build.0 = Debug|Any CPU
		{45A6F69E-B8FB-4956-98E5-C08785DF4B57}.Release|Any CPU.ActiveCfg = Release|Any CPU
		{45A6F69E-B8FB-4956-98E5-C08785DF4B57}.Release|Any CPU.Build.0 = Release|Any CPU
		{52D41446-1348-46B5-A891-BD05FAE4538B}.Debug|Any CPU.ActiveCfg = Debug|Any CPU
		{52D41446-1348-46B5-A891-BD05FAE4538B}.Debug|Any CPU.Build.0 = Debug|Any CPU
		{52D41446-1348-46B5-A891-BD05FAE4538B}.Release|Any CPU.ActiveCfg = Release|Any CPU
		{52D41446-1348-46B5-A891-BD05FAE4538B}.Release|Any CPU.Build.0 = Release|Any CPU
		{92F7D20B-22C7-4717-8888-7AAB1B181DA5}.Debug|Any CPU.ActiveCfg = Debug|Any CPU
		{92F7D20B-22C7-4717-8888-7AAB1B181DA5}.Debug|Any CPU.Build.0 = Debug|Any CPU
		{92F7D20B-22C7-4717-8888-7AAB1B181DA5}.Release|Any CPU.ActiveCfg = Release|Any CPU
		{92F7D20B-22C7-4717-8888-7AAB1B181DA5}.Release|Any CPU.Build.0 = Release|Any CPU
		{D0E016AA-3702-4093-80DB-BCE935D6D96A}.Debug|Any CPU.ActiveCfg = Debug|Any CPU
		{D0E016AA-3702-4093-80DB-BCE935D6D96A}.Debug|Any CPU.Build.0 = Debug|Any CPU
		{D0E016AA-3702-4093-80DB-BCE935D6D96A}.Release|Any CPU.ActiveCfg = Release|Any CPU
		{D0E016AA-3702-4093-80DB-BCE935D6D96A}.Release|Any CPU.Build.0 = Release|Any CPU
		{11BA3C95-7DDE-4F20-B41A-6EB65E15466F}.Debug|Any CPU.ActiveCfg = Debug|Any CPU
		{11BA3C95-7DDE-4F20-B41A-6EB65E15466F}.Debug|Any CPU.Build.0 = Debug|Any CPU
		{11BA3C95-7DDE-4F20-B41A-6EB65E15466F}.Release|Any CPU.ActiveCfg = Release|Any CPU
		{11BA3C95-7DDE-4F20-B41A-6EB65E15466F}.Release|Any CPU.Build.0 = Release|Any CPU
		{016FDECE-A1A3-45FC-B62A-E041DA88EAF0}.Debug|Any CPU.ActiveCfg = Debug|Any CPU
		{016FDECE-A1A3-45FC-B62A-E041DA88EAF0}.Debug|Any CPU.Build.0 = Debug|Any CPU
		{016FDECE-A1A3-45FC-B62A-E041DA88EAF0}.Release|Any CPU.ActiveCfg = Release|Any CPU
		{016FDECE-A1A3-45FC-B62A-E041DA88EAF0}.Release|Any CPU.Build.0 = Release|Any CPU
		{712C7970-BFF2-44F2-BF2F-37E7D388354F}.Debug|Any CPU.ActiveCfg = Debug|Any CPU
		{712C7970-BFF2-44F2-BF2F-37E7D388354F}.Debug|Any CPU.Build.0 = Debug|Any CPU
		{712C7970-BFF2-44F2-BF2F-37E7D388354F}.Release|Any CPU.ActiveCfg = Release|Any CPU
		{712C7970-BFF2-44F2-BF2F-37E7D388354F}.Release|Any CPU.Build.0 = Release|Any CPU
	EndGlobalSection
	GlobalSection(SolutionProperties) = preSolution
		HideSolutionNode = FALSE
	EndGlobalSection
	GlobalSection(NestedProjects) = preSolution
		{A5F90B86-EDB9-4AD3-A293-220C2F355D20} = {EFAF0107-0A41-4796-A95A-6340D7DA6116}
	EndGlobalSection
EndGlobal
